PODS:
  - ZCJSON (0.1.8):
    - ZCMacro
  - ZCMacro (0.1.8)

DEPENDENCIES:
  - ZCJSON (from `../`)

SPEC REPOS:
  trunk:
    - ZCMacro

EXTERNAL SOURCES:
  ZCJSON:
    :path: "../"

SPEC CHECKSUMS:
  ZCJSON: 5aa8a61220d178d44a4db061e363c7fd35c6f924
  ZCMacro: 86b773f6442c86ccce9517ae237fb66cd572c135

PODFILE CHECKSUM: fb1937e8a65c7e2bc37c04e0d5f5bbdfa65a50b5

COCOAPODS: 1.15.2
