PODS:
  - ZCJSON (0.1.9):
    - ZCMacro
  - ZCMacro (1.1.1)

DEPENDENCIES:
  - ZCJSON (from `../`)

SPEC REPOS:
  trunk:
    - ZCMacro

EXTERNAL SOURCES:
  ZCJSON:
    :path: "../"

SPEC CHECKSUMS:
  ZCJSON: a2e0d1ce6a8b91a0794c4b00d5768ce950cef7fe
  ZCMacro: 24a8e9a00f38c1b87a9c38c4ef21cdc24f1a893a

PODFILE CHECKSUM: fb1937e8a65c7e2bc37c04e0d5f5bbdfa65a50b5

COCOAPODS: 1.15.2
